
Microsoft Visual Studio Solution File, Format Version 12.00
# Visual Studio Version 16
VisualStudioVersion = 16.0.32407.337
MinimumVisualStudioVersion = 10.0.40219.1
Project("{FAE04EC0-301F-11D3-BF4B-00C04F79EFBC}") = "Design_Patterns_Training", "Design_Patterns_Training\Design_Patterns_Training.csproj", "{139C2C51-0E6C-45BA-A22D-9FA3073FAE8A}"
EndProject
Global
	GlobalSection(SolutionConfigurationPlatforms) = preSolution
		Debug|Any CPU = Debug|Any CPU
		Release|Any CPU = Release|Any CPU
	EndGlobalSection
	GlobalSection(ProjectConfigurationPlatforms) = postSolution
		{139C2C51-0E6C-45BA-A22D-9FA3073FAE8A}.Debug|Any CPU.ActiveCfg = Debug|Any CPU
		{139C2C51-0E6C-45BA-A22D-9FA3073FAE8A}.Debug|Any CPU.Build.0 = Debug|Any CPU
		{139C2C51-0E6C-45BA-A22D-9FA3073FAE8A}.Release|Any CPU.ActiveCfg = Release|Any CPU
		{139C2C51-0E6C-45BA-A22D-9FA3073FAE8A}.Release|Any CPU.Build.0 = Release|Any CPU
	EndGlobalSection
	GlobalSection(SolutionProperties) = preSolution
		HideSolutionNode = FALSE
	EndGlobalSection
	GlobalSection(ExtensibilityGlobals) = postSolution
		SolutionGuid = {8D0C44FE-5282-4AB2-AE39-6CADF84924A2}
	EndGlobalSection
EndGlobal
